
Microsoft Visual Studio Solution File, Format Version 12.00
# Visual Studio 15
VisualStudioVersion = 15.0.28307.168
MinimumVisualStudioVersion = 10.0.40219.1
Project("{8BC9CEB8-8B4A-11D0-8D11-00A0C91BC942}") = "MainAssignment", "MainAssignment\MainAssignment.vcxproj", "{4AE5E28D-1362-42CA-996B-A8953BD073E3}"
EndProject
Global
	GlobalSection(SolutionConfigurationPlatforms) = preSolution
		Debug|x64 = Debug|x64
		Debug|x86 = Debug|x86
		Release|x64 = Release|x64
		Release|x86 = Release|x86
	EndGlobalSection
	GlobalSection(ProjectConfigurationPlatforms) = postSolution
		{4AE5E28D-1362-42CA-996B-A8953BD073E3}.Debug|x64.ActiveCfg = Debug|x64
		{4AE5E28D-1362-42CA-996B-A8953BD073E3}.Debug|x64.Build.0 = Debug|x64
		{4AE5E28D-1362-42CA-996B-A8953BD073E3}.Debug|x86.ActiveCfg = Debug|Win32
		{4AE5E28D-1362-42CA-996B-A8953BD073E3}.Debug|x86.Build.0 = Debug|Win32
		{4AE5E28D-1362-42CA-996B-A8953BD073E3}.Release|x64.ActiveCfg = Release|x64
		{4AE5E28D-1362-42CA-996B-A8953BD073E3}.Release|x64.Build.0 = Release|x64
		{4AE5E28D-1362-42CA-996B-A8953BD073E3}.Release|x86.ActiveCfg = Release|Win32
		{4AE5E28D-1362-42CA-996B-A8953BD073E3}.Release|x86.Build.0 = Release|Win32
	EndGlobalSection
	GlobalSection(SolutionProperties) = preSolution
		HideSolutionNode = FALSE
	EndGlobalSection
	GlobalSection(ExtensibilityGlobals) = postSolution
		SolutionGuid = {DF4E3B6B-EB40-4385-A039-9AE5844D8D8C}
	EndGlobalSection
EndGlobal
